
Microsoft Visual Studio Solution File, Format Version 12.00
# Visual Studio Version 17
VisualStudioVersion = 17.14.36705.20 d17.14
MinimumVisualStudioVersion = 10.0.40219.1
Project("{FAE04EC0-301F-11D3-BF4B-00C04F79EFBC}") = "PentaxTest", "PentaxTest\PentaxTest.csproj", "{3052D706-29C2-4AC7-9CB3-ACB8454A12D0}"
EndProject
Project("{FAE04EC0-301F-11D3-BF4B-00C04F79EFBC}") = "ASCOMPentaxCameraDriver", "ASCOMPentaxKRCameraDriver\ASCOMPentaxCameraDriver.csproj", "{130EA2FC-26E1-4DE4-A395-CD6DACDC2B53}"
EndProject
Global
	GlobalSection(SolutionConfigurationPlatforms) = preSolution
		Debug|Any CPU = Debug|Any CPU
		Debug|x64 = Debug|x64
		Debug|x86 = Debug|x86
		Release|Any CPU = Release|Any CPU
		Release|x64 = Release|x64
		Release|x86 = Release|x86
	EndGlobalSection
	GlobalSection(ProjectConfigurationPlatforms) = postSolution
		{3052D706-29C2-4AC7-9CB3-ACB8454A12D0}.Debug|Any CPU.ActiveCfg = Debug|x86
		{3052D706-29C2-4AC7-9CB3-ACB8454A12D0}.Debug|Any CPU.Build.0 = Debug|x86
		{3052D706-29C2-4AC7-9CB3-ACB8454A12D0}.Debug|x64.ActiveCfg = Debug|x64
		{3052D706-29C2-4AC7-9CB3-ACB8454A12D0}.Debug|x64.Build.0 = Debug|x64
		{3052D706-29C2-4AC7-9CB3-ACB8454A12D0}.Debug|x86.ActiveCfg = Debug|x86
		{3052D706-29C2-4AC7-9CB3-ACB8454A12D0}.Debug|x86.Build.0 = Debug|x86
		{3052D706-29C2-4AC7-9CB3-ACB8454A12D0}.Release|Any CPU.ActiveCfg = Release|x64
		{3052D706-29C2-4AC7-9CB3-ACB8454A12D0}.Release|Any CPU.Build.0 = Release|x64
		{3052D706-29C2-4AC7-9CB3-ACB8454A12D0}.Release|x64.ActiveCfg = Release|x64
		{3052D706-29C2-4AC7-9CB3-ACB8454A12D0}.Release|x64.Build.0 = Release|x64
		{3052D706-29C2-4AC7-9CB3-ACB8454A12D0}.Release|x86.ActiveCfg = Release|x86
		{3052D706-29C2-4AC7-9CB3-ACB8454A12D0}.Release|x86.Build.0 = Release|x86
		{130EA2FC-26E1-4DE4-A395-CD6DACDC2B53}.Debug|Any CPU.ActiveCfg = Debug|Any CPU
		{130EA2FC-26E1-4DE4-A395-CD6DACDC2B53}.Debug|Any CPU.Build.0 = Debug|Any CPU
		{130EA2FC-26E1-4DE4-A395-CD6DACDC2B53}.Debug|x64.ActiveCfg = Debug|x64
		{130EA2FC-26E1-4DE4-A395-CD6DACDC2B53}.Debug|x64.Build.0 = Debug|x64
		{130EA2FC-26E1-4DE4-A395-CD6DACDC2B53}.Debug|x86.ActiveCfg = Debug|x86
		{130EA2FC-26E1-4DE4-A395-CD6DACDC2B53}.Debug|x86.Build.0 = Debug|x86
		{130EA2FC-26E1-4DE4-A395-CD6DACDC2B53}.Release|Any CPU.ActiveCfg = Release|Any CPU
		{130EA2FC-26E1-4DE4-A395-CD6DACDC2B53}.Release|Any CPU.Build.0 = Release|Any CPU
		{130EA2FC-26E1-4DE4-A395-CD6DACDC2B53}.Release|x64.ActiveCfg = Release|x64
		{130EA2FC-26E1-4DE4-A395-CD6DACDC2B53}.Release|x64.Build.0 = Release|x64
		{130EA2FC-26E1-4DE4-A395-CD6DACDC2B53}.Release|x86.ActiveCfg = Release|x86
		{130EA2FC-26E1-4DE4-A395-CD6DACDC2B53}.Release|x86.Build.0 = Release|x86
	EndGlobalSection
	GlobalSection(SolutionProperties) = preSolution
		HideSolutionNode = FALSE
	EndGlobalSection
	GlobalSection(ExtensibilityGlobals) = postSolution
		SolutionGuid = {4C5B2D6C-01DD-431A-A619-641763F4BB1E}
	EndGlobalSection
EndGlobal
